# THIS IS AN AUTOGENERATED FILE. DO NOT EDIT THIS FILE DIRECTLY.
# yarn lockfile v1


jquery@>=1.7.0:
  version "3.5.0"
  resolved "https://registry.yarnpkg.com/jquery/-/jquery-3.5.0.tgz#9980b97d9e4194611c36530e7dc46a58d7340fc9"

lightbox2@^2.10.0:
  version "2.10.0"
  resolved "https://registry.yarnpkg.com/lightbox2/-/lightbox2-2.10.0.tgz#06b3f7b7bd7c1332c20d037602d9657542fd7de4"

yadcf@^0.9.2:
  version "0.9.2"
  resolved "https://registry.yarnpkg.com/yadcf/-/yadcf-0.9.2.tgz#4a628b70b0c1b53a26776b624913d3adfa1c93fb"
  dependencies:
    jquery ">=1.7.0"
